// !$*UTF8*$!
{
	archiveVersion = 1;
	classes = {
	};
	objectVersion = 56;
	objects = {

/* Begin PBXBuildFile section */
		84F0E0CA2D0E3BD90009A447 /* AppDelegate.swift in Sources */ = {isa = PBXBuildFile; fileRef = 84F0E0C92D0E3BD90009A447 /* AppDelegate.swift */; };
		84F0E0CC2D0E3BD90009A447 /* SceneDelegate.swift in Sources */ = {isa = PBXBuildFile; fileRef = 84F0E0CB2D0E3BD90009A447 /* SceneDelegate.swift */; };
		84F0E0CE2D0E3BD90009A447 /* ViewController.swift in Sources */ = {isa = PBXBuildFile; fileRef = 84F0E0CD2D0E3BD90009A447 /* ViewController.swift */; };
		84F0E0D12D0E3BD90009A447 /* Main.storyboard in Resources */ = {isa = PBXBuildFile; fileRef = 84F0E0CF2D0E3BD90009A447 /* Main.storyboard */; };
		84F0E0D42D0E3BD90009A447 /* AppReverse.xcdatamodeld in Sources */ = {isa = PBXBuildFile; fileRef = 84F0E0D22D0E3BD90009A447 /* AppReverse.xcdatamodeld */; };
		84F0E0D62D0E3BDA0009A447 /* Assets.xcassets in Resources */ = {isa = PBXBuildFile; fileRef = 84F0E0D52D0E3BDA0009A447 /* Assets.xcassets */; };
		84F0E0D92D0E3BDA0009A447 /* LaunchScreen.storyboard in Resources */ = {isa = PBXBuildFile; fileRef = 84F0E0D72D0E3BDA0009A447 /* LaunchScreen.storyboard */; };
		B74D4F502D1392860093A1DF /* MenuViewController.swift in Sources */ = {isa = PBXBuildFile; fileRef = B74D4F4F2D1392860093A1DF /* MenuViewController.swift */; };
		B74D4F522D1392A30093A1DF /* RegisterViewController.swift in Sources */ = {isa = PBXBuildFile; fileRef = B74D4F512D1392A30093A1DF /* RegisterViewController.swift */; };
		B74D4F542D1392BD0093A1DF /* ListadoViewController.swift in Sources */ = {isa = PBXBuildFile; fileRef = B74D4F532D1392BD0093A1DF /* ListadoViewController.swift */; };
		B74D4F572D1392DC0093A1DF /* ReverseTableViewCell.swift in Sources */ = {isa = PBXBuildFile; fileRef = B74D4F552D1392DC0093A1DF /* ReverseTableViewCell.swift */; };
		B74D4F582D1392DC0093A1DF /* ReverseTableViewCell.xib in Resources */ = {isa = PBXBuildFile; fileRef = B74D4F562D1392DC0093A1DF /* ReverseTableViewCell.xib */; };
/* End PBXBuildFile section */

/* Begin PBXFileReference section */
		84F0E0C62D0E3BD90009A447 /* AppReverse.app */ = {isa = PBXFileReference; explicitFileType = wrapper.application; includeInIndex = 0; path = AppReverse.app; sourceTree = BUILT_PRODUCTS_DIR; };
		84F0E0C92D0E3BD90009A447 /* AppDelegate.swift */ = {isa = PBXFileReference; lastKnownFileType = sourcecode.swift; path = AppDelegate.swift; sourceTree = "<group>"; };
		84F0E0CB2D0E3BD90009A447 /* SceneDelegate.swift */ = {isa = PBXFileReference; lastKnownFileType = sourcecode.swift; path = SceneDelegate.swift; sourceTree = "<group>"; };
		84F0E0CD2D0E3BD90009A447 /* ViewController.swift */ = {isa = PBXFileReference; lastKnownFileType = sourcecode.swift; path = ViewController.swift; sourceTree = "<group>"; };
		84F0E0D02D0E3BD90009A447 /* Base */ = {isa = PBXFileReference; lastKnownFileType = file.storyboard; name = Base; path = Base.lproj/Main.storyboard; sourceTree = "<group>"; };
		84F0E0D32D0E3BD90009A447 /* AppReverse.xcdatamodel */ = {isa = PBXFileReference; lastKnownFileType = wrapper.xcdatamodel; path = AppReverse.xcdatamodel; sourceTree = "<group>"; };
		84F0E0D52D0E3BDA0009A447 /* Assets.xcassets */ = {isa = PBXFileReference; lastKnownFileType = folder.assetcatalog; path = Assets.xcassets; sourceTree = "<group>"; };
		84F0E0D82D0E3BDA0009A447 /* Base */ = {isa = PBXFileReference; lastKnownFileType = file.storyboard; name = Base; path = Base.lproj/LaunchScreen.storyboard; sourceTree = "<group>"; };
		84F0E0DA2D0E3BDA0009A447 /* Info.plist */ = {isa = PBXFileReference; lastKnownFileType = text.plist.xml; path = Info.plist; sourceTree = "<group>"; };
		B74D4F4F2D1392860093A1DF /* MenuViewController.swift */ = {isa = PBXFileReference; lastKnownFileType = sourcecode.swift; path = MenuViewController.swift; sourceTree = "<group>"; };
		B74D4F512D1392A30093A1DF /* RegisterViewController.swift */ = {isa = PBXFileReference; lastKnownFileType = sourcecode.swift; path = RegisterViewController.swift; sourceTree = "<group>"; };
		B74D4F532D1392BD0093A1DF /* ListadoViewController.swift */ = {isa = PBXFileReference; lastKnownFileType = sourcecode.swift; path = ListadoViewController.swift; sourceTree = "<group>"; };
		B74D4F552D1392DC0093A1DF /* ReverseTableViewCell.swift */ = {isa = PBXFileReference; lastKnownFileType = sourcecode.swift; path = ReverseTableViewCell.swift; sourceTree = "<group>"; };
		B74D4F562D1392DC0093A1DF /* ReverseTableViewCell.xib */ = {isa = PBXFileReference; lastKnownFileType = file.xib; path = ReverseTableViewCell.xib; sourceTree = "<group>"; };
/* End PBXFileReference section */

/* Begin PBXFrameworksBuildPhase section */
		84F0E0C32D0E3BD90009A447 /* Frameworks */ = {
			isa = PBXFrameworksBuildPhase;
			buildActionMask = 2147483647;
			files = (
			);
			runOnlyForDeploymentPostprocessing = 0;
		};
/* End PBXFrameworksBuildPhase section */

/* Begin PBXGroup section */
		84F0E0BD2D0E3BD90009A447 = {
			isa = PBXGroup;
			children = (
				84F0E0C82D0E3BD90009A447 /* AppReverse */,
				84F0E0C72D0E3BD90009A447 /* Products */,
			);
			sourceTree = "<group>";
		};
		84F0E0C72D0E3BD90009A447 /* Products */ = {
			isa = PBXGroup;
			children = (
				84F0E0C62D0E3BD90009A447 /* AppReverse.app */,
			);
			name = Products;
			sourceTree = "<group>";
		};
		84F0E0C82D0E3BD90009A447 /* AppReverse */ = {
			isa = PBXGroup;
			children = (
				84F0E0C92D0E3BD90009A447 /* AppDelegate.swift */,
				84F0E0CB2D0E3BD90009A447 /* SceneDelegate.swift */,
				84F0E0CF2D0E3BD90009A447 /* Main.storyboard */,
				84F0E0D52D0E3BDA0009A447 /* Assets.xcassets */,
				84F0E0D72D0E3BDA0009A447 /* LaunchScreen.storyboard */,
				84F0E0DA2D0E3BDA0009A447 /* Info.plist */,
				84F0E0D22D0E3BD90009A447 /* AppReverse.xcdatamodeld */,
				84F0E0CD2D0E3BD90009A447 /* ViewController.swift */,
				B74D4F4F2D1392860093A1DF /* MenuViewController.swift */,
				B74D4F512D1392A30093A1DF /* RegisterViewController.swift */,
				B74D4F532D1392BD0093A1DF /* ListadoViewController.swift */,
				B74D4F552D1392DC0093A1DF /* ReverseTableViewCell.swift */,
				B74D4F562D1392DC0093A1DF /* ReverseTableViewCell.xib */,
			);
			path = AppReverse;
			sourceTree = "<group>";
		};
/* End PBXGroup section */

/* Begin PBXNativeTarget section */
		84F0E0C52D0E3BD90009A447 /* AppReverse */ = {
			isa = PBXNativeTarget;
			buildConfigurationList = 84F0E0DD2D0E3BDA0009A447 /* Build configuration list for PBXNativeTarget "AppReverse" */;
			buildPhases = (
				84F0E0C22D0E3BD90009A447 /* Sources */,
				84F0E0C32D0E3BD90009A447 /* Frameworks */,
				84F0E0C42D0E3BD90009A447 /* Resources */,
			);
			buildRules = (
			);
			dependencies = (
			);
			name = AppReverse;
			productName = AppReverse;
			productReference = 84F0E0C62D0E3BD90009A447 /* AppReverse.app */;
			productType = "com.apple.product-type.application";
		};
/* End PBXNativeTarget section */

/* Begin PBXProject section */
		84F0E0BE2D0E3BD90009A447 /* Project object */ = {
			isa = PBXProject;
			attributes = {
				BuildIndependentTargetsInParallel = 1;
				LastSwiftUpdateCheck = 1420;
				LastUpgradeCheck = 1420;
				TargetAttributes = {
					84F0E0C52D0E3BD90009A447 = {
						CreatedOnToolsVersion = 14.2;
					};
				};
			};
			buildConfigurationList = 84F0E0C12D0E3BD90009A447 /* Build configuration list for PBXProject "AppReverse" */;
			compatibilityVersion = "Xcode 14.0";
			developmentRegion = en;
			hasScannedForEncodings = 0;
			knownRegions = (
				en,
				Base,
			);
			mainGroup = 84F0E0BD2D0E3BD90009A447;
			productRefGroup = 84F0E0C72D0E3BD90009A447 /* Products */;
			projectDirPath = "";
			projectRoot = "";
			targets = (
				84F0E0C52D0E3BD90009A447 /* AppReverse */,
			);
		};
/* End PBXProject section */

/* Begin PBXResourcesBuildPhase section */
		84F0E0C42D0E3BD90009A447 /* Resources */ = {
			isa = PBXResourcesBuildPhase;
			buildActionMask = 2147483647;
			files = (
				B74D4F582D1392DC0093A1DF /* ReverseTableViewCell.xib in Resources */,
				84F0E0D92D0E3BDA0009A447 /* LaunchScreen.storyboard in Resources */,
				84F0E0D62D0E3BDA0009A447 /* Assets.xcassets in Resources */,
				84F0E0D12D0E3BD90009A447 /* Main.storyboard in Resources */,
			);
			runOnlyForDeploymentPostprocessing = 0;
		};
/* End PBXResourcesBuildPhase section */

/* Begin PBXSourcesBuildPhase section */
		84F0E0C22D0E3BD90009A447 /* Sources */ = {
			isa = PBXSourcesBuildPhase;
			buildActionMask = 2147483647;
			files = (
				84F0E0D42D0E3BD90009A447 /* AppReverse.xcdatamodeld in Sources */,
				B74D4F502D1392860093A1DF /* MenuViewController.swift in Sources */,
				84F0E0CE2D0E3BD90009A447 /* ViewController.swift in Sources */,
				B74D4F522D1392A30093A1DF /* RegisterViewController.swift in Sources */,
				B74D4F572D1392DC0093A1DF /* ReverseTableViewCell.swift in Sources */,
				84F0E0CA2D0E3BD90009A447 /* AppDelegate.swift in Sources */,
				B74D4F542D1392BD0093A1DF /* ListadoViewController.swift in Sources */,
				84F0E0CC2D0E3BD90009A447 /* SceneDelegate.swift in Sources */,
			);
			runOnlyForDeploymentPostprocessing = 0;
		};
/* End PBXSourcesBuildPhase section */

/* Begin PBXVariantGroup section */
		84F0E0CF2D0E3BD90009A447 /* Main.storyboard */ = {
			isa = PBXVariantGroup;
			children = (
				84F0E0D02D0E3BD90009A447 /* Base */,
			);
			name = Main.storyboard;
			sourceTree = "<group>";
		};
		84F0E0D72D0E3BDA0009A447 /* LaunchScreen.storyboard */ = {
			isa = PBXVariantGroup;
			children = (
				84F0E0D82D0E3BDA0009A447 /* Base */,
			);
			name = LaunchScreen.storyboard;
			sourceTree = "<group>";
		};
/* End PBXVariantGroup section */

/* Begin XCBuildConfiguration section */
		84F0E0DB2D0E3BDA0009A447 /* Debug */ = {
			isa = XCBuildConfiguration;
			buildSettings = {
				ALWAYS_SEARCH_USER_PATHS = NO;
				CLANG_ANALYZER_NONNULL = YES;
				CLANG_ANALYZER_NUMBER_OBJECT_CONVERSION = YES_AGGRESSIVE;
				CLANG_CXX_LANGUAGE_STANDARD = "gnu++20";
				CLANG_ENABLE_MODULES = YES;
				CLANG_ENABLE_OBJC_ARC = YES;
				CLANG_ENABLE_OBJC_WEAK = YES;
				CLANG_WARN_BLOCK_CAPTURE_AUTORELEASING = YES;
				CLANG_WARN_BOOL_CONVERSION = YES;
				CLANG_WARN_COMMA = YES;
				CLANG_WARN_CONSTANT_CONVERSION = YES;
				CLANG_WARN_DEPRECATED_OBJC_IMPLEMENTATIONS = YES;
				CLANG_WARN_DIRECT_OBJC_ISA_USAGE = YES_ERROR;
				CLANG_WARN_DOCUMENTATION_COMMENTS = YES;
				CLANG_WARN_EMPTY_BODY = YES;
				CLANG_WARN_ENUM_CONVERSION = YES;
				CLANG_WARN_INFINITE_RECURSION = YES;
				CLANG_WARN_INT_CONVERSION = YES;
				CLANG_WARN_NON_LITERAL_NULL_CONVERSION = YES;
				CLANG_WARN_OBJC_IMPLICIT_RETAIN_SELF = YES;
				CLANG_WARN_OBJC_LITERAL_CONVERSION = YES;
				CLANG_WARN_OBJC_ROOT_CLASS = YES_ERROR;
				CLANG_WARN_QUOTED_INCLUDE_IN_FRAMEWORK_HEADER = YES;
				CLANG_WARN_RANGE_LOOP_ANALYSIS = YES;
				CLANG_WARN_STRICT_PROTOTYPES = YES;
				CLANG_WARN_SUSPICIOUS_MOVE = YES;
				CLANG_WARN_UNGUARDED_AVAILABILITY = YES_AGGRESSIVE;
				CLANG_WARN_UNREACHABLE_CODE = YES;
				CLANG_WARN__DUPLICATE_METHOD_MATCH = YES;
				COPY_PHASE_STRIP = NO;
				DEBUG_INFORMATION_FORMAT = dwarf;
				ENABLE_STRICT_OBJC_MSGSEND = YES;
				ENABLE_TESTABILITY = YES;
				GCC_C_LANGUAGE_STANDARD = gnu11;
				GCC_DYNAMIC_NO_PIC = NO;
				GCC_NO_COMMON_BLOCKS = YES;
				GCC_OPTIMIZATION_LEVEL = 0;
				GCC_PREPROCESSOR_DEFINITIONS = (
					"DEBUG=1",
					"$(inherited)",
				);
				GCC_WARN_64_TO_32_BIT_CONVERSION = YES;
				GCC_WARN_ABOUT_RETURN_TYPE = YES_ERROR;
				GCC_WARN_UNDECLARED_SELECTOR = YES;
				GCC_WARN_UNINITIALIZED_AUTOS = YES_AGGRESSIVE;
				GCC_WARN_UNUSED_FUNCTION = YES;
				GCC_WARN_UNUSED_VARIABLE = YES;
				IPHONEOS_DEPLOYMENT_TARGET = 16.2;
				MTL_ENABLE_DEBUG_INFO = INCLUDE_SOURCE;
				MTL_FAST_MATH = YES;
				ONLY_ACTIVE_ARCH = YES;
				SDKROOT = iphoneos;
				SWIFT_ACTIVE_COMPILATION_CONDITIONS = DEBUG;
				SWIFT_OPTIMIZATION_LEVEL = "-Onone";
			};
			name = Debug;
		};
		84F0E0DC2D0E3BDA0009A447 /* Release */ = {
			isa = XCBuildConfiguration;
			buildSettings = {
				ALWAYS_SEARCH_USER_PATHS = NO;
				CLANG_ANALYZER_NONNULL = YES;
				CLANG_ANALYZER_NUMBER_OBJECT_CONVERSION = YES_AGGRESSIVE;
				CLANG_CXX_LANGUAGE_STANDARD = "gnu++20";
				CLANG_ENABLE_MODULES = YES;
				CLANG_ENABLE_OBJC_ARC = YES;
				CLANG_ENABLE_OBJC_WEAK = YES;
				CLANG_WARN_BLOCK_CAPTURE_AUTORELEASING = YES;
				CLANG_WARN_BOOL_CONVERSION = YES;
				CLANG_WARN_COMMA = YES;
				CLANG_WARN_CONSTANT_CONVERSION = YES;
				CLANG_WARN_DEPRECATED_OBJC_IMPLEMENTATIONS = YES;
				CLANG_WARN_DIRECT_OBJC_ISA_USAGE = YES_ERROR;
				CLANG_WARN_DOCUMENTATION_COMMENTS = YES;
				CLANG_WARN_EMPTY_BODY = YES;
				CLANG_WARN_ENUM_CONVERSION = YES;
				CLANG_WARN_INFINITE_RECURSION = YES;
				CLANG_WARN_INT_CONVERSION = YES;
				CLANG_WARN_NON_LITERAL_NULL_CONVERSION = YES;
				CLANG_WARN_OBJC_IMPLICIT_RETAIN_SELF = YES;
				CLANG_WARN_OBJC_LITERAL_CONVERSION = YES;
				CLANG_WARN_OBJC_ROOT_CLASS = YES_ERROR;
				CLANG_WARN_QUOTED_INCLUDE_IN_FRAMEWORK_HEADER = YES;
				CLANG_WARN_RANGE_LOOP_ANALYSIS = YES;
				CLANG_WARN_STRICT_PROTOTYPES = YES;
				CLANG_WARN_SUSPICIOUS_MOVE = YES;
				CLANG_WARN_UNGUARDED_AVAILABILITY = YES_AGGRESSIVE;
				CLANG_WARN_UNREACHABLE_CODE = YES;
				CLANG_WARN__DUPLICATE_METHOD_MATCH = YES;
				COPY_PHASE_STRIP = NO;
				DEBUG_INFORMATION_FORMAT = "dwarf-with-dsym";
				ENABLE_NS_ASSERTIONS = NO;
				ENABLE_STRICT_OBJC_MSGSEND = YES;
				GCC_C_LANGUAGE_STANDARD = gnu11;
				GCC_NO_COMMON_BLOCKS = YES;
				GCC_WARN_64_TO_32_BIT_CONVERSION = YES;
				GCC_WARN_ABOUT_RETURN_TYPE = YES_ERROR;
				GCC_WARN_UNDECLARED_SELECTOR = YES;
				GCC_WARN_UNINITIALIZED_AUTOS = YES_AGGRESSIVE;
				GCC_WARN_UNUSED_FUNCTION = YES;
				GCC_WARN_UNUSED_VARIABLE = YES;
				IPHONEOS_DEPLOYMENT_TARGET = 16.2;
				MTL_ENABLE_DEBUG_INFO = NO;
				MTL_FAST_MATH = YES;
				SDKROOT = iphoneos;
				SWIFT_COMPILATION_MODE = wholemodule;
				SWIFT_OPTIMIZATION_LEVEL = "-O";
				VALIDATE_PRODUCT = YES;
			};
			name = Release;
		};
		84F0E0DE2D0E3BDA0009A447 /* Debug */ = {
			isa = XCBuildConfiguration;
			buildSettings = {
				ASSETCATALOG_COMPILER_APPICON_NAME = AppIcon;
				ASSETCATALOG_COMPILER_GLOBAL_ACCENT_COLOR_NAME = AccentColor;
				CODE_SIGN_STYLE = Automatic;
				CURRENT_PROJECT_VERSION = 1;
				GENERATE_INFOPLIST_FILE = YES;
				INFOPLIST_FILE = AppReverse/Info.plist;
				INFOPLIST_KEY_UIApplicationSupportsIndirectInputEvents = YES;
				INFOPLIST_KEY_UILaunchStoryboardName = LaunchScreen;
				INFOPLIST_KEY_UIMainStoryboardFile = Main;
				INFOPLIST_KEY_UISupportedInterfaceOrientations_iPad = "UIInterfaceOrientationPortrait UIInterfaceOrientationPortraitUpsideDown UIInterfaceOrientationLandscapeLeft UIInterfaceOrientationLandscapeRight";
				INFOPLIST_KEY_UISupportedInterfaceOrientations_iPhone = "UIInterfaceOrientationPortrait UIInterfaceOrientationLandscapeLeft UIInterfaceOrientationLandscapeRight";
				LD_RUNPATH_SEARCH_PATHS = (
					"$(inherited)",
					"@executable_path/Frameworks",
				);
				MARKETING_VERSION = 1.0;
				PRODUCT_BUNDLE_IDENTIFIER = cibertec.AppReverse;
				PRODUCT_NAME = "$(TARGET_NAME)";
				SWIFT_EMIT_LOC_STRINGS = YES;
				SWIFT_VERSION = 5.0;
				TARGETED_DEVICE_FAMILY = "1,2";
			};
			name = Debug;
		};
		84F0E0DF2D0E3BDA0009A447 /* Release */ = {
			isa = XCBuildConfiguration;
			buildSettings = {
				ASSETCATALOG_COMPILER_APPICON_NAME = AppIcon;
				ASSETCATALOG_COMPILER_GLOBAL_ACCENT_COLOR_NAME = AccentColor;
				CODE_SIGN_STYLE = Automatic;
				CURRENT_PROJECT_VERSION = 1;
				GENERATE_INFOPLIST_FILE = YES;
				INFOPLIST_FILE = AppReverse/Info.plist;
				INFOPLIST_KEY_UIApplicationSupportsIndirectInputEvents = YES;
				INFOPLIST_KEY_UILaunchStoryboardName = LaunchScreen;
				INFOPLIST_KEY_UIMainStoryboardFile = Main;
				INFOPLIST_KEY_UISupportedInterfaceOrientations_iPad = "UIInterfaceOrientationPortrait UIInterfaceOrientationPortraitUpsideDown UIInterfaceOrientationLandscapeLeft UIInterfaceOrientationLandscapeRight";
				INFOPLIST_KEY_UISupportedInterfaceOrientations_iPhone = "UIInterfaceOrientationPortrait UIInterfaceOrientationLandscapeLeft UIInterfaceOrientationLandscapeRight";
				LD_RUNPATH_SEARCH_PATHS = (
					"$(inherited)",
					"@executable_path/Frameworks",
				);
				MARKETING_VERSION = 1.0;
				PRODUCT_BUNDLE_IDENTIFIER = cibertec.AppReverse;
				PRODUCT_NAME = "$(TARGET_NAME)";
				SWIFT_EMIT_LOC_STRINGS = YES;
				SWIFT_VERSION = 5.0;
				TARGETED_DEVICE_FAMILY = "1,2";
			};
			name = Release;
		};
/* End XCBuildConfiguration section */

/* Begin XCConfigurationList section */
		84F0E0C12D0E3BD90009A447 /* Build configuration list for PBXProject "AppReverse" */ = {
			isa = XCConfigurationList;
			buildConfigurations = (
				84F0E0DB2D0E3BDA0009A447 /* Debug */,
				84F0E0DC2D0E3BDA0009A447 /* Release */,
			);
			defaultConfigurationIsVisible = 0;
			defaultConfigurationName = Release;
		};
		84F0E0DD2D0E3BDA0009A447 /* Build configuration list for PBXNativeTarget "AppReverse" */ = {
			isa = XCConfigurationList;
			buildConfigurations = (
				84F0E0DE2D0E3BDA0009A447 /* Debug */,
				84F0E0DF2D0E3BDA0009A447 /* Release */,
			);
			defaultConfigurationIsVisible = 0;
			defaultConfigurationName = Release;
		};
/* End XCConfigurationList section */

/* Begin XCVersionGroup section */
		84F0E0D22D0E3BD90009A447 /* AppReverse.xcdatamodeld */ = {
			isa = XCVersionGroup;
			children = (
				84F0E0D32D0E3BD90009A447 /* AppReverse.xcdatamodel */,
			);
			currentVersion = 84F0E0D32D0E3BD90009A447 /* AppReverse.xcdatamodel */;
			path = AppReverse.xcdatamodeld;
			sourceTree = "<group>";
			versionGroupType = wrapper.xcdatamodel;
		};
/* End XCVersionGroup section */
	};
	rootObject = 84F0E0BE2D0E3BD90009A447 /* Project object */;
}
